
Microsoft Visual Studio Solution File, Format Version 12.00
# Visual Studio 15
VisualStudioVersion = 15.0.27428.2027
MinimumVisualStudioVersion = 10.0.40219.1
Project("{FAE04EC0-301F-11D3-BF4B-00C04F79EFBC}") = "AzureQueueTest", "AzureQueueTest\AzureQueueTest.csproj", "{AD9CB304-7351-4A42-8227-3E5AF3B8D331}"
EndProject
Global
	GlobalSection(SolutionConfigurationPlatforms) = preSolution
		Debug|Any CPU = Debug|Any CPU
		Release|Any CPU = Release|Any CPU
	EndGlobalSection
	GlobalSection(ProjectConfigurationPlatforms) = postSolution
		{AD9CB304-7351-4A42-8227-3E5AF3B8D331}.Debug|Any CPU.ActiveCfg = Debug|Any CPU
		{AD9CB304-7351-4A42-8227-3E5AF3B8D331}.Debug|Any CPU.Build.0 = Debug|Any CPU
		{AD9CB304-7351-4A42-8227-3E5AF3B8D331}.Release|Any CPU.ActiveCfg = Release|Any CPU
		{AD9CB304-7351-4A42-8227-3E5AF3B8D331}.Release|Any CPU.Build.0 = Release|Any CPU
	EndGlobalSection
	GlobalSection(SolutionProperties) = preSolution
		HideSolutionNode = FALSE
	EndGlobalSection
	GlobalSection(ExtensibilityGlobals) = postSolution
		SolutionGuid = {FA0B097E-F58D-4B4B-A93F-60A7E19B0A44}
	EndGlobalSection
EndGlobal
